
Microsoft Visual Studio Solution File, Format Version 12.00
# Visual Studio Version 17
VisualStudioVersion = 17.9.34607.119
MinimumVisualStudioVersion = 10.0.40219.1
Project("{FAE04EC0-301F-11D3-BF4B-00C04F79EFBC}") = "VP_Project_Final", "VP_Project_Final\VP_Project_Final.csproj", "{01D348EC-9AF9-421F-82E9-96B79573DD1B}"
EndProject
Global
	GlobalSection(SolutionConfigurationPlatforms) = preSolution
		Debug|Any CPU = Debug|Any CPU
		Release|Any CPU = Release|Any CPU
	EndGlobalSection
	GlobalSection(ProjectConfigurationPlatforms) = postSolution
		{01D348EC-9AF9-421F-82E9-96B79573DD1B}.Debug|Any CPU.ActiveCfg = Debug|Any CPU
		{01D348EC-9AF9-421F-82E9-96B79573DD1B}.Debug|Any CPU.Build.0 = Debug|Any CPU
		{01D348EC-9AF9-421F-82E9-96B79573DD1B}.Release|Any CPU.ActiveCfg = Release|Any CPU
		{01D348EC-9AF9-421F-82E9-96B79573DD1B}.Release|Any CPU.Build.0 = Release|Any CPU
	EndGlobalSection
	GlobalSection(SolutionProperties) = preSolution
		HideSolutionNode = FALSE
	EndGlobalSection
	GlobalSection(ExtensibilityGlobals) = postSolution
		SolutionGuid = {E7BA6328-C952-476D-9705-F5AFA853E69F}
	EndGlobalSection
EndGlobal
